
Microsoft Visual Studio Solution File, Format Version 11.00
# Visual Studio 2010
Project("{FAE04EC0-301F-11D3-BF4B-00C04F79EFBC}") = "Assembly-CSharp", "Assembly-CSharp.csproj", "{3D887A3E-2511-9C8C-F979-2D832C6D67FB}"
EndProject
Global
	GlobalSection(SolutionConfigurationPlatforms) = preSolution
		Debug|Any CPU = Debug|Any CPU
		Release|Any CPU = Release|Any CPU
	EndGlobalSection
	GlobalSection(ProjectConfigurationPlatforms) = postSolution
		{3D887A3E-2511-9C8C-F979-2D832C6D67FB}.Debug|Any CPU.ActiveCfg = Debug|Any CPU
		{3D887A3E-2511-9C8C-F979-2D832C6D67FB}.Debug|Any CPU.Build.0 = Debug|Any CPU
		{3D887A3E-2511-9C8C-F979-2D832C6D67FB}.Release|Any CPU.ActiveCfg = Release|Any CPU
		{3D887A3E-2511-9C8C-F979-2D832C6D67FB}.Release|Any CPU.Build.0 = Release|Any CPU
	EndGlobalSection
	GlobalSection(SolutionProperties) = preSolution
		HideSolutionNode = FALSE
	EndGlobalSection
EndGlobal
